
Microsoft Visual Studio Solution File, Format Version 12.00
# Visual Studio Version 16
VisualStudioVersion = 16.0.31515.178
MinimumVisualStudioVersion = 10.0.40219.1
Project("{FAE04EC0-301F-11D3-BF4B-00C04F79EFBC}") = "ecloudvalley.API", "ecloudvalley.API\ecloudvalley.API.csproj", "{C3E2049C-6540-4280-BB9A-B4011C780BBB}"
EndProject
Project("{FAE04EC0-301F-11D3-BF4B-00C04F79EFBC}") = "ecloudvalley.Application", "ecloudvalley.Application\ecloudvalley.Application.csproj", "{BBA1AF17-CF4B-40FA-9452-55C421D1BE12}"
EndProject
Project("{FAE04EC0-301F-11D3-BF4B-00C04F79EFBC}") = "ecloudvalley.Domain", "ecloudvalley.Domain\ecloudvalley.Domain.csproj", "{EEDF8925-2B69-44A6-A706-06BDE4F2FC2E}"
EndProject
Project("{FAE04EC0-301F-11D3-BF4B-00C04F79EFBC}") = "ecloudvalley.Infrastructure", "ecloudvalley.Infrastructure\ecloudvalley.Infrastructure.csproj", "{4EC20F89-5AA0-4A41-B790-0DED587718EE}"
EndProject
Global
	GlobalSection(SolutionConfigurationPlatforms) = preSolution
		Debug|Any CPU = Debug|Any CPU
		Release|Any CPU = Release|Any CPU
	EndGlobalSection
	GlobalSection(ProjectConfigurationPlatforms) = postSolution
		{C3E2049C-6540-4280-BB9A-B4011C780BBB}.Debug|Any CPU.ActiveCfg = Debug|Any CPU
		{C3E2049C-6540-4280-BB9A-B4011C780BBB}.Debug|Any CPU.Build.0 = Debug|Any CPU
		{C3E2049C-6540-4280-BB9A-B4011C780BBB}.Release|Any CPU.ActiveCfg = Release|Any CPU
		{C3E2049C-6540-4280-BB9A-B4011C780BBB}.Release|Any CPU.Build.0 = Release|Any CPU
		{BBA1AF17-CF4B-40FA-9452-55C421D1BE12}.Debug|Any CPU.ActiveCfg = Debug|Any CPU
		{BBA1AF17-CF4B-40FA-9452-55C421D1BE12}.Debug|Any CPU.Build.0 = Debug|Any CPU
		{BBA1AF17-CF4B-40FA-9452-55C421D1BE12}.Release|Any CPU.ActiveCfg = Release|Any CPU
		{BBA1AF17-CF4B-40FA-9452-55C421D1BE12}.Release|Any CPU.Build.0 = Release|Any CPU
		{EEDF8925-2B69-44A6-A706-06BDE4F2FC2E}.Debug|Any CPU.ActiveCfg = Debug|Any CPU
		{EEDF8925-2B69-44A6-A706-06BDE4F2FC2E}.Debug|Any CPU.Build.0 = Debug|Any CPU
		{EEDF8925-2B69-44A6-A706-06BDE4F2FC2E}.Release|Any CPU.ActiveCfg = Release|Any CPU
		{EEDF8925-2B69-44A6-A706-06BDE4F2FC2E}.Release|Any CPU.Build.0 = Release|Any CPU
		{4EC20F89-5AA0-4A41-B790-0DED587718EE}.Debug|Any CPU.ActiveCfg = Debug|Any CPU
		{4EC20F89-5AA0-4A41-B790-0DED587718EE}.Debug|Any CPU.Build.0 = Debug|Any CPU
		{4EC20F89-5AA0-4A41-B790-0DED587718EE}.Release|Any CPU.ActiveCfg = Release|Any CPU
		{4EC20F89-5AA0-4A41-B790-0DED587718EE}.Release|Any CPU.Build.0 = Release|Any CPU
	EndGlobalSection
	GlobalSection(SolutionProperties) = preSolution
		HideSolutionNode = FALSE
	EndGlobalSection
	GlobalSection(ExtensibilityGlobals) = postSolution
		SolutionGuid = {B3DA7995-5896-478F-846C-8F2FC5C2ABBB}
	EndGlobalSection
EndGlobal
